{
  "name": "@spectrum-css/site",
  "version": "1.0.0-alpha.0",
  "lockfileVersion": 1,
  "requires": true,
  "dependencies": {
    "@adobe/focus-ring-polyfill": {
      "version": "0.1.5",
      "resolved": "http://localhost:4873/@adobe%2ffocus-ring-polyfill/-/focus-ring-polyfill-0.1.5.tgz",
      "integrity": "sha512-OLa/TlzPv6vzMPi3DT9/Gefu/HJptcBcFmMYTpeNTZ6Y+t2TL+CZtjGlu438O2V03c86KEEgMlm9nQ70kW3bPw==",
      "dev": true
    },
    "abbrev": {
      "version": "1.1.1",
      "resolved": "http://localhost:4873/abbrev/-/abbrev-1.1.1.tgz",
      "integrity": "sha512-nne9/IiQ/hzIhY6pdDnbBtz7DjPTKrY00P/zvPSm5pOFkl6xuGrGnXn/VtTNNfNtAfZ9/1RtehkszU9qcTii0Q==",
      "dev": true
    },
    "clipboard": {
      "version": "2.0.4",
      "resolved": "http://localhost:4873/clipboard/-/clipboard-2.0.4.tgz",
      "integrity": "sha512-Vw26VSLRpJfBofiVaFb/I8PVfdI1OxKcYShe6fm0sP/DtmiWQNCjhM/okTvdCo0G+lMMm1rMYbk4IK4x1X+kgQ==",
      "dev": true,
      "optional": true,
      "requires": {
        "good-listener": "^1.2.2",
        "select": "^1.1.2",
        "tiny-emitter": "^2.0.0"
      }
    },
    "delegate": {
      "version": "3.2.0",
      "resolved": "http://localhost:4873/delegate/-/delegate-3.2.0.tgz",
      "integrity": "sha512-IofjkYBZaZivn0V8nnsMJGBr4jVLxHDheKSW88PyxS5QC4Vo9ZbZVvhzlSxY87fVq3STR6r+4cGepyHkcWOQSw==",
      "dev": true,
      "optional": true
    },
    "good-listener": {
      "version": "1.2.2",
      "resolved": "http://localhost:4873/good-listener/-/good-listener-1.2.2.tgz",
      "integrity": "sha1-1TswzfkxPf+33JoNR3CWqm0UXFA=",
      "dev": true,
      "optional": true,
      "requires": {
        "delegate": "^3.1.2"
      }
    },
    "loadicons": {
      "version": "1.0.0",
      "resolved": "http://localhost:4873/loadicons/-/loadicons-1.0.0.tgz",
      "integrity": "sha512-KSywiudfuOK5sTdhNMM8hwRpMxZ5TbQlU4ZijMxUFwRW7jpxUmb9YJoLIzDn7+xuxeLzCZWBmLJS2JDjDWCpsw==",
      "dev": true
    },
    "lunr": {
      "version": "2.3.6",
      "resolved": "http://localhost:4873/lunr/-/lunr-2.3.6.tgz",
      "integrity": "sha512-swStvEyDqQ85MGpABCMBclZcLI/pBIlu8FFDtmX197+oEgKloJ67QnB+Tidh0340HmLMs39c4GrkPY3cmkXp6Q==",
      "dev": true
    },
    "markdown": {
      "version": "0.5.0",
      "resolved": "http://localhost:4873/markdown/-/markdown-0.5.0.tgz",
      "integrity": "sha1-KCBbVlqK51kt4gdGPWY33BgnIrI=",
      "dev": true,
      "requires": {
        "nopt": "~2.1.1"
      }
    },
    "nopt": {
      "version": "2.1.2",
      "resolved": "http://localhost:4873/nopt/-/nopt-2.1.2.tgz",
      "integrity": "sha1-bMzZd7gBMqB3MdbozljCyDA8+a8=",
      "dev": true,
      "requires": {
        "abbrev": "1"
      }
    },
    "prismjs": {
      "version": "1.17.1",
      "resolved": "http://localhost:4873/prismjs/-/prismjs-1.17.1.tgz",
      "integrity": "sha512-PrEDJAFdUGbOP6xK/UsfkC5ghJsPJviKgnQOoxaDbBjwc8op68Quupwt1DeAFoG8GImPhiKXAvvsH7wDSLsu1Q==",
      "dev": true,
      "requires": {
        "clipboard": "^2.0.0"
      }
    },
    "select": {
      "version": "1.1.2",
      "resolved": "http://localhost:4873/select/-/select-1.1.2.tgz",
      "integrity": "sha1-DnNQrN7ICxEIUoeG7B1EGNEbOW0=",
      "dev": true,
      "optional": true
    },
    "tiny-emitter": {
      "version": "2.1.0",
      "resolved": "http://localhost:4873/tiny-emitter/-/tiny-emitter-2.1.0.tgz",
      "integrity": "sha512-NB6Dk1A9xgQPMoGqC5CVXn123gWyte215ONT5Pp5a0yt4nlEoO1ZWeCwpncaekPHXO60i47ihFnZPiRPjRMq4Q==",
      "dev": true,
      "optional": true
    }
  }
}
